
Microsoft Visual Studio Solution File, Format Version 12.00
# Visual Studio Version 17
VisualStudioVersion = 17.3.32804.467
MinimumVisualStudioVersion = 10.0.40219.1
Project("{9A19103F-16F7-4668-BE54-9A1E7A4F7556}") = "DevFreela.API", "DevFreela.API.csproj", "{5C9A1BCD-FB9A-4FBA-ADDD-2F7E4ED8E1B3}"
EndProject
Project("{9A19103F-16F7-4668-BE54-9A1E7A4F7556}") = "DevFreela.Core", "..\DevFreela.Core\DevFreela.Core.csproj", "{E2245385-9FD8-44FB-8999-3EC0A2D89C88}"
EndProject
Project("{9A19103F-16F7-4668-BE54-9A1E7A4F7556}") = "DevFreela.Infrastructure", "..\DevFreela.Infrastructure\DevFreela.Infrastructure.csproj", "{270B7E43-2644-4D65-8DA6-500E5FFAF18B}"
EndProject
Project("{9A19103F-16F7-4668-BE54-9A1E7A4F7556}") = "DevFreela.Application", "..\DevFreela.Application\DevFreela.Application.csproj", "{6D65BE75-303A-450B-8745-94ECDCBD168B}"
EndProject
Project("{FAE04EC0-301F-11D3-BF4B-00C04F79EFBC}") = "DevFreela.UnitTests", "..\DevFreela.UnitTests\DevFreela.UnitTests.csproj", "{B68CD711-95BA-4473-A23A-B61529837BA5}"
EndProject
Global
	GlobalSection(SolutionConfigurationPlatforms) = preSolution
		Debug|Any CPU = Debug|Any CPU
		Release|Any CPU = Release|Any CPU
	EndGlobalSection
	GlobalSection(ProjectConfigurationPlatforms) = postSolution
		{5C9A1BCD-FB9A-4FBA-ADDD-2F7E4ED8E1B3}.Debug|Any CPU.ActiveCfg = Debug|Any CPU
		{5C9A1BCD-FB9A-4FBA-ADDD-2F7E4ED8E1B3}.Debug|Any CPU.Build.0 = Debug|Any CPU
		{5C9A1BCD-FB9A-4FBA-ADDD-2F7E4ED8E1B3}.Release|Any CPU.ActiveCfg = Release|Any CPU
		{5C9A1BCD-FB9A-4FBA-ADDD-2F7E4ED8E1B3}.Release|Any CPU.Build.0 = Release|Any CPU
		{E2245385-9FD8-44FB-8999-3EC0A2D89C88}.Debug|Any CPU.ActiveCfg = Debug|Any CPU
		{E2245385-9FD8-44FB-8999-3EC0A2D89C88}.Debug|Any CPU.Build.0 = Debug|Any CPU
		{E2245385-9FD8-44FB-8999-3EC0A2D89C88}.Release|Any CPU.ActiveCfg = Release|Any CPU
		{E2245385-9FD8-44FB-8999-3EC0A2D89C88}.Release|Any CPU.Build.0 = Release|Any CPU
		{270B7E43-2644-4D65-8DA6-500E5FFAF18B}.Debug|Any CPU.ActiveCfg = Debug|Any CPU
		{270B7E43-2644-4D65-8DA6-500E5FFAF18B}.Debug|Any CPU.Build.0 = Debug|Any CPU
		{270B7E43-2644-4D65-8DA6-500E5FFAF18B}.Release|Any CPU.ActiveCfg = Release|Any CPU
		{270B7E43-2644-4D65-8DA6-500E5FFAF18B}.Release|Any CPU.Build.0 = Release|Any CPU
		{6D65BE75-303A-450B-8745-94ECDCBD168B}.Debug|Any CPU.ActiveCfg = Debug|Any CPU
		{6D65BE75-303A-450B-8745-94ECDCBD168B}.Debug|Any CPU.Build.0 = Debug|Any CPU
		{6D65BE75-303A-450B-8745-94ECDCBD168B}.Release|Any CPU.ActiveCfg = Release|Any CPU
		{6D65BE75-303A-450B-8745-94ECDCBD168B}.Release|Any CPU.Build.0 = Release|Any CPU
		{B68CD711-95BA-4473-A23A-B61529837BA5}.Debug|Any CPU.ActiveCfg = Debug|Any CPU
		{B68CD711-95BA-4473-A23A-B61529837BA5}.Debug|Any CPU.Build.0 = Debug|Any CPU
		{B68CD711-95BA-4473-A23A-B61529837BA5}.Release|Any CPU.ActiveCfg = Release|Any CPU
		{B68CD711-95BA-4473-A23A-B61529837BA5}.Release|Any CPU.Build.0 = Release|Any CPU
	EndGlobalSection
	GlobalSection(SolutionProperties) = preSolution
		HideSolutionNode = FALSE
	EndGlobalSection
	GlobalSection(ExtensibilityGlobals) = postSolution
		SolutionGuid = {B2822CC4-9BEF-414D-9808-54E09CB8BC0B}
	EndGlobalSection
EndGlobal
